github.com/gorilla/websocket v1.4.1 h1:q7AeDBpnBk8AogcD4DSag/Ukw/KV+YhzLj2bP5HvKCM=
github.com/gorilla/websocket v1.4.1/go.mod h1:YR8l580nyteQvAITg2hZ9XVh4b55+EU/adAjf1fMHhE=
github.com/smira/go-statsd v1.3.1 h1:JalGiHNdK7GqVAPpg7j0Kwp2jZrz/fCg/B4ZuNuBY2w=
github.com/smira/go-statsd v1.3.1/go.mod h1:1srXJ9/pbnN04G8f4F1jUzsGOnwkPKXciyqpewGlkC4=
